
Microsoft Visual Studio Solution File, Format Version 12.00
# Visual Studio Version 17
VisualStudioVersion = 17.11.35303.130
MinimumVisualStudioVersion = 10.0.40219.1
Project("{FAE04EC0-301F-11D3-BF4B-00C04F79EFBC}") = "ContactsProject", "ContactsProject.csproj", "{042EACF6-F882-4463-9753-524DF8048457}"
EndProject
Project("{FAE04EC0-301F-11D3-BF4B-00C04F79EFBC}") = "ContactsBusinessLayer", "ContactsBusinessLayer\ContactsBusinessLayer.csproj", "{291D6C2A-B318-4D5E-B94F-F63DAAE8E673}"
EndProject
Project("{FAE04EC0-301F-11D3-BF4B-00C04F79EFBC}") = "ContactsDataAccessLayer", "ContactsDataAccessLayer\ContactsDataAccessLayer.csproj", "{12C73257-5F08-4723-A60F-B5B35439BF00}"
EndProject
Project("{2150E333-8FDC-42A3-9474-1A3956D46DE8}") = "Solution Items", "Solution Items", "{AC54A15C-57A2-4FC2-9A85-3EE8F48A63B9}"
EndProject
Global
	GlobalSection(SolutionConfigurationPlatforms) = preSolution
		Debug|Any CPU = Debug|Any CPU
		Release|Any CPU = Release|Any CPU
	EndGlobalSection
	GlobalSection(ProjectConfigurationPlatforms) = postSolution
		{042EACF6-F882-4463-9753-524DF8048457}.Debug|Any CPU.ActiveCfg = Debug|Any CPU
		{042EACF6-F882-4463-9753-524DF8048457}.Debug|Any CPU.Build.0 = Debug|Any CPU
		{042EACF6-F882-4463-9753-524DF8048457}.Release|Any CPU.ActiveCfg = Release|Any CPU
		{042EACF6-F882-4463-9753-524DF8048457}.Release|Any CPU.Build.0 = Release|Any CPU
		{291D6C2A-B318-4D5E-B94F-F63DAAE8E673}.Debug|Any CPU.ActiveCfg = Debug|Any CPU
		{291D6C2A-B318-4D5E-B94F-F63DAAE8E673}.Debug|Any CPU.Build.0 = Debug|Any CPU
		{291D6C2A-B318-4D5E-B94F-F63DAAE8E673}.Release|Any CPU.ActiveCfg = Release|Any CPU
		{291D6C2A-B318-4D5E-B94F-F63DAAE8E673}.Release|Any CPU.Build.0 = Release|Any CPU
		{12C73257-5F08-4723-A60F-B5B35439BF00}.Debug|Any CPU.ActiveCfg = Debug|Any CPU
		{12C73257-5F08-4723-A60F-B5B35439BF00}.Debug|Any CPU.Build.0 = Debug|Any CPU
		{12C73257-5F08-4723-A60F-B5B35439BF00}.Release|Any CPU.ActiveCfg = Release|Any CPU
		{12C73257-5F08-4723-A60F-B5B35439BF00}.Release|Any CPU.Build.0 = Release|Any CPU
	EndGlobalSection
	GlobalSection(SolutionProperties) = preSolution
		HideSolutionNode = FALSE
	EndGlobalSection
	GlobalSection(ExtensibilityGlobals) = postSolution
		SolutionGuid = {FD522479-04A8-470E-A23F-D6BFDBFE61D9}
	EndGlobalSection
EndGlobal
